// !$*UTF8*$!
{
	archiveVersion = 1;
	classes = {
	};
	objectVersion = 46;
	objects = {

/* Begin PBXBuildFile section */
		246DC7601B8C934500732C98 /* main.m in Sources */ = {isa = PBXBuildFile; fileRef = 246DC75F1B8C934500732C98 /* main.m */; };
		246DC7631B8C934500732C98 /* AppDelegate.m in Sources */ = {isa = PBXBuildFile; fileRef = 246DC7621B8C934500732C98 /* AppDelegate.m */; };
		246DC7661B8C934500732C98 /* ViewController.m in Sources */ = {isa = PBXBuildFile; fileRef = 246DC7651B8C934500732C98 /* ViewController.m */; };
		246DC7691B8C934500732C98 /* Main.storyboard in Resources */ = {isa = PBXBuildFile; fileRef = 246DC7671B8C934500732C98 /* Main.storyboard */; };
		246DC76B1B8C934500732C98 /* Images.xcassets in Resources */ = {isa = PBXBuildFile; fileRef = 246DC76A1B8C934500732C98 /* Images.xcassets */; };
		246DC76E1B8C934500732C98 /* LaunchScreen.xib in Resources */ = {isa = PBXBuildFile; fileRef = 246DC76C1B8C934500732C98 /* LaunchScreen.xib */; };
		246DC77A1B8C934500732C98 /* Lesoon35_UITableViewSearchTests.m in Sources */ = {isa = PBXBuildFile; fileRef = 246DC7791B8C934500732C98 /* Lesoon35_UITableViewSearchTests.m */; };
		246DC7851B8C95F100732C98 /* NSString+Random_String.m in Sources */ = {isa = PBXBuildFile; fileRef = 246DC7841B8C95F100732C98 /* NSString+Random_String.m */; };
		246DC7881B8C9B9B00732C98 /* NSSection.m in Sources */ = {isa = PBXBuildFile; fileRef = 246DC7871B8C9B9B00732C98 /* NSSection.m */; };
/* End PBXBuildFile section */

/* Begin PBXContainerItemProxy section */
		246DC7741B8C934500732C98 /* PBXContainerItemProxy */ = {
			isa = PBXContainerItemProxy;
			containerPortal = 246DC7521B8C934500732C98 /* Project object */;
			proxyType = 1;
			remoteGlobalIDString = 246DC7591B8C934500732C98;
			remoteInfo = "Lesoon35 UITableViewSearch";
		};
/* End PBXContainerItemProxy section */

/* Begin PBXFileReference section */
		246DC75A1B8C934500732C98 /* Lesoon35 UITableViewSearch.app */ = {isa = PBXFileReference; explicitFileType = wrapper.application; includeInIndex = 0; path = "Lesoon35 UITableViewSearch.app"; sourceTree = BUILT_PRODUCTS_DIR; };
		246DC75E1B8C934500732C98 /* Info.plist */ = {isa = PBXFileReference; lastKnownFileType = text.plist.xml; path = Info.plist; sourceTree = "<group>"; };
		246DC75F1B8C934500732C98 /* main.m */ = {isa = PBXFileReference; lastKnownFileType = sourcecode.c.objc; path = main.m; sourceTree = "<group>"; };
		246DC7611B8C934500732C98 /* AppDelegate.h */ = {isa = PBXFileReference; lastKnownFileType = sourcecode.c.h; path = AppDelegate.h; sourceTree = "<group>"; };
		246DC7621B8C934500732C98 /* AppDelegate.m */ = {isa = PBXFileReference; lastKnownFileType = sourcecode.c.objc; path = AppDelegate.m; sourceTree = "<group>"; };
		246DC7641B8C934500732C98 /* ViewController.h */ = {isa = PBXFileReference; lastKnownFileType = sourcecode.c.h; path = ViewController.h; sourceTree = "<group>"; };
		246DC7651B8C934500732C98 /* ViewController.m */ = {isa = PBXFileReference; lastKnownFileType = sourcecode.c.objc; path = ViewController.m; sourceTree = "<group>"; };
		246DC7681B8C934500732C98 /* Base */ = {isa = PBXFileReference; lastKnownFileType = file.storyboard; name = Base; path = Base.lproj/Main.storyboard; sourceTree = "<group>"; };
		246DC76A1B8C934500732C98 /* Images.xcassets */ = {isa = PBXFileReference; lastKnownFileType = folder.assetcatalog; path = Images.xcassets; sourceTree = "<group>"; };
		246DC76D1B8C934500732C98 /* Base */ = {isa = PBXFileReference; lastKnownFileType = file.xib; name = Base; path = Base.lproj/LaunchScreen.xib; sourceTree = "<group>"; };
		246DC7731B8C934500732C98 /* Lesoon35 UITableViewSearchTests.xctest */ = {isa = PBXFileReference; explicitFileType = wrapper.cfbundle; includeInIndex = 0; path = "Lesoon35 UITableViewSearchTests.xctest"; sourceTree = BUILT_PRODUCTS_DIR; };
		246DC7781B8C934500732C98 /* Info.plist */ = {isa = PBXFileReference; lastKnownFileType = text.plist.xml; path = Info.plist; sourceTree = "<group>"; };
		246DC7791B8C934500732C98 /* Lesoon35_UITableViewSearchTests.m */ = {isa = PBXFileReference; lastKnownFileType = sourcecode.c.objc; path = Lesoon35_UITableViewSearchTests.m; sourceTree = "<group>"; };
		246DC7831B8C95F100732C98 /* NSString+Random_String.h */ = {isa = PBXFileReference; fileEncoding = 4; lastKnownFileType = sourcecode.c.h; path = "NSString+Random_String.h"; sourceTree = "<group>"; };
		246DC7841B8C95F100732C98 /* NSString+Random_String.m */ = {isa = PBXFileReference; fileEncoding = 4; lastKnownFileType = sourcecode.c.objc; path = "NSString+Random_String.m"; sourceTree = "<group>"; };
		246DC7861B8C9B9B00732C98 /* NSSection.h */ = {isa = PBXFileReference; fileEncoding = 4; lastKnownFileType = sourcecode.c.h; path = NSSection.h; sourceTree = "<group>"; };
		246DC7871B8C9B9B00732C98 /* NSSection.m */ = {isa = PBXFileReference; fileEncoding = 4; lastKnownFileType = sourcecode.c.objc; path = NSSection.m; sourceTree = "<group>"; };
/* End PBXFileReference section */

/* Begin PBXFrameworksBuildPhase section */
		246DC7571B8C934500732C98 /* Frameworks */ = {
			isa = PBXFrameworksBuildPhase;
			buildActionMask = 2147483647;
			files = (
			);
			runOnlyForDeploymentPostprocessing = 0;
		};
		246DC7701B8C934500732C98 /* Frameworks */ = {
			isa = PBXFrameworksBuildPhase;
			buildActionMask = 2147483647;
			files = (
			);
			runOnlyForDeploymentPostprocessing = 0;
		};
/* End PBXFrameworksBuildPhase section */

/* Begin PBXGroup section */
		246DC7511B8C934500732C98 = {
			isa = PBXGroup;
			children = (
				246DC7861B8C9B9B00732C98 /* NSSection.h */,
				246DC7871B8C9B9B00732C98 /* NSSection.m */,
				246DC7831B8C95F100732C98 /* NSString+Random_String.h */,
				246DC7841B8C95F100732C98 /* NSString+Random_String.m */,
				246DC75C1B8C934500732C98 /* Lesoon35 UITableViewSearch */,
				246DC7761B8C934500732C98 /* Lesoon35 UITableViewSearchTests */,
				246DC75B1B8C934500732C98 /* Products */,
			);
			sourceTree = "<group>";
		};
		246DC75B1B8C934500732C98 /* Products */ = {
			isa = PBXGroup;
			children = (
				246DC75A1B8C934500732C98 /* Lesoon35 UITableViewSearch.app */,
				246DC7731B8C934500732C98 /* Lesoon35 UITableViewSearchTests.xctest */,
			);
			name = Products;
			sourceTree = "<group>";
		};
		246DC75C1B8C934500732C98 /* Lesoon35 UITableViewSearch */ = {
			isa = PBXGroup;
			children = (
				246DC7611B8C934500732C98 /* AppDelegate.h */,
				246DC7621B8C934500732C98 /* AppDelegate.m */,
				246DC7641B8C934500732C98 /* ViewController.h */,
				246DC7651B8C934500732C98 /* ViewController.m */,
				246DC7671B8C934500732C98 /* Main.storyboard */,
				246DC76A1B8C934500732C98 /* Images.xcassets */,
				246DC76C1B8C934500732C98 /* LaunchScreen.xib */,
				246DC75D1B8C934500732C98 /* Supporting Files */,
			);
			path = "Lesoon35 UITableViewSearch";
			sourceTree = "<group>";
		};
		246DC75D1B8C934500732C98 /* Supporting Files */ = {
			isa = PBXGroup;
			children = (
				246DC75E1B8C934500732C98 /* Info.plist */,
				246DC75F1B8C934500732C98 /* main.m */,
			);
			name = "Supporting Files";
			sourceTree = "<group>";
		};
		246DC7761B8C934500732C98 /* Lesoon35 UITableViewSearchTests */ = {
			isa = PBXGroup;
			children = (
				246DC7791B8C934500732C98 /* Lesoon35_UITableViewSearchTests.m */,
				246DC7771B8C934500732C98 /* Supporting Files */,
			);
			path = "Lesoon35 UITableViewSearchTests";
			sourceTree = "<group>";
		};
		246DC7771B8C934500732C98 /* Supporting Files */ = {
			isa = PBXGroup;
			children = (
				246DC7781B8C934500732C98 /* Info.plist */,
			);
			name = "Supporting Files";
			sourceTree = "<group>";
		};
/* End PBXGroup section */

/* Begin PBXNativeTarget section */
		246DC7591B8C934500732C98 /* Lesoon35 UITableViewSearch */ = {
			isa = PBXNativeTarget;
			buildConfigurationList = 246DC77D1B8C934500732C98 /* Build configuration list for PBXNativeTarget "Lesoon35 UITableViewSearch" */;
			buildPhases = (
				246DC7561B8C934500732C98 /* Sources */,
				246DC7571B8C934500732C98 /* Frameworks */,
				246DC7581B8C934500732C98 /* Resources */,
			);
			buildRules = (
			);
			dependencies = (
			);
			name = "Lesoon35 UITableViewSearch";
			productName = "Lesoon35 UITableViewSearch";
			productReference = 246DC75A1B8C934500732C98 /* Lesoon35 UITableViewSearch.app */;
			productType = "com.apple.product-type.application";
		};
		246DC7721B8C934500732C98 /* Lesoon35 UITableViewSearchTests */ = {
			isa = PBXNativeTarget;
			buildConfigurationList = 246DC7801B8C934500732C98 /* Build configuration list for PBXNativeTarget "Lesoon35 UITableViewSearchTests" */;
			buildPhases = (
				246DC76F1B8C934500732C98 /* Sources */,
				246DC7701B8C934500732C98 /* Frameworks */,
				246DC7711B8C934500732C98 /* Resources */,
			);
			buildRules = (
			);
			dependencies = (
				246DC7751B8C934500732C98 /* PBXTargetDependency */,
			);
			name = "Lesoon35 UITableViewSearchTests";
			productName = "Lesoon35 UITableViewSearchTests";
			productReference = 246DC7731B8C934500732C98 /* Lesoon35 UITableViewSearchTests.xctest */;
			productType = "com.apple.product-type.bundle.unit-test";
		};
/* End PBXNativeTarget section */

/* Begin PBXProject section */
		246DC7521B8C934500732C98 /* Project object */ = {
			isa = PBXProject;
			attributes = {
				LastUpgradeCheck = 0630;
				ORGANIZATIONNAME = Nik;
				TargetAttributes = {
					246DC7591B8C934500732C98 = {
						CreatedOnToolsVersion = 6.3.2;
					};
					246DC7721B8C934500732C98 = {
						CreatedOnToolsVersion = 6.3.2;
						TestTargetID = 246DC7591B8C934500732C98;
					};
				};
			};
			buildConfigurationList = 246DC7551B8C934500732C98 /* Build configuration list for PBXProject "Lesoon35 UITableViewSearch" */;
			compatibilityVersion = "Xcode 3.2";
			developmentRegion = English;
			hasScannedForEncodings = 0;
			knownRegions = (
				en,
				Base,
			);
			mainGroup = 246DC7511B8C934500732C98;
			productRefGroup = 246DC75B1B8C934500732C98 /* Products */;
			projectDirPath = "";
			projectRoot = "";
			targets = (
				246DC7591B8C934500732C98 /* Lesoon35 UITableViewSearch */,
				246DC7721B8C934500732C98 /* Lesoon35 UITableViewSearchTests */,
			);
		};
/* End PBXProject section */

/* Begin PBXResourcesBuildPhase section */
		246DC7581B8C934500732C98 /* Resources */ = {
			isa = PBXResourcesBuildPhase;
			buildActionMask = 2147483647;
			files = (
				246DC7691B8C934500732C98 /* Main.storyboard in Resources */,
				246DC76E1B8C934500732C98 /* LaunchScreen.xib in Resources */,
				246DC76B1B8C934500732C98 /* Images.xcassets in Resources */,
			);
			runOnlyForDeploymentPostprocessing = 0;
		};
		246DC7711B8C934500732C98 /* Resources */ = {
			isa = PBXResourcesBuildPhase;
			buildActionMask = 2147483647;
			files = (
			);
			runOnlyForDeploymentPostprocessing = 0;
		};
/* End PBXResourcesBuildPhase section */

/* Begin PBXSourcesBuildPhase section */
		246DC7561B8C934500732C98 /* Sources */ = {
			isa = PBXSourcesBuildPhase;
			buildActionMask = 2147483647;
			files = (
				246DC7661B8C934500732C98 /* ViewController.m in Sources */,
				246DC7851B8C95F100732C98 /* NSString+Random_String.m in Sources */,
				246DC7631B8C934500732C98 /* AppDelegate.m in Sources */,
				246DC7881B8C9B9B00732C98 /* NSSection.m in Sources */,
				246DC7601B8C934500732C98 /* main.m in Sources */,
			);
			runOnlyForDeploymentPostprocessing = 0;
		};
		246DC76F1B8C934500732C98 /* Sources */ = {
			isa = PBXSourcesBuildPhase;
			buildActionMask = 2147483647;
			files = (
				246DC77A1B8C934500732C98 /* Lesoon35_UITableViewSearchTests.m in Sources */,
			);
			runOnlyForDeploymentPostprocessing = 0;
		};
/* End PBXSourcesBuildPhase section */

/* Begin PBXTargetDependency section */
		246DC7751B8C934500732C98 /* PBXTargetDependency */ = {
			isa = PBXTargetDependency;
			target = 246DC7591B8C934500732C98 /* Lesoon35 UITableViewSearch */;
			targetProxy = 246DC7741B8C934500732C98 /* PBXContainerItemProxy */;
		};
/* End PBXTargetDependency section */

/* Begin PBXVariantGroup section */
		246DC7671B8C934500732C98 /* Main.storyboard */ = {
			isa = PBXVariantGroup;
			children = (
				246DC7681B8C934500732C98 /* Base */,
			);
			name = Main.storyboard;
			sourceTree = "<group>";
		};
		246DC76C1B8C934500732C98 /* LaunchScreen.xib */ = {
			isa = PBXVariantGroup;
			children = (
				246DC76D1B8C934500732C98 /* Base */,
			);
			name = LaunchScreen.xib;
			sourceTree = "<group>";
		};
/* End PBXVariantGroup section */

/* Begin XCBuildConfiguration section */
		246DC77B1B8C934500732C98 /* Debug */ = {
			isa = XCBuildConfiguration;
			buildSettings = {
				ALWAYS_SEARCH_USER_PATHS = NO;
				CLANG_CXX_LANGUAGE_STANDARD = "gnu++0x";
				CLANG_CXX_LIBRARY = "libc++";
				CLANG_ENABLE_MODULES = YES;
				CLANG_ENABLE_OBJC_ARC = YES;
				CLANG_WARN_BOOL_CONVERSION = YES;
				CLANG_WARN_CONSTANT_CONVERSION = YES;
				CLANG_WARN_DIRECT_OBJC_ISA_USAGE = YES_ERROR;
				CLANG_WARN_EMPTY_BODY = YES;
				CLANG_WARN_ENUM_CONVERSION = YES;
				CLANG_WARN_INT_CONVERSION = YES;
				CLANG_WARN_OBJC_ROOT_CLASS = YES_ERROR;
				CLANG_WARN_UNREACHABLE_CODE = YES;
				CLANG_WARN__DUPLICATE_METHOD_MATCH = YES;
				"CODE_SIGN_IDENTITY[sdk=iphoneos*]" = "iPhone Developer";
				COPY_PHASE_STRIP = NO;
				DEBUG_INFORMATION_FORMAT = "dwarf-with-dsym";
				ENABLE_STRICT_OBJC_MSGSEND = YES;
				GCC_C_LANGUAGE_STANDARD = gnu99;
				GCC_DYNAMIC_NO_PIC = NO;
				GCC_NO_COMMON_BLOCKS = YES;
				GCC_OPTIMIZATION_LEVEL = 0;
				GCC_PREPROCESSOR_DEFINITIONS = (
					"DEBUG=1",
					"$(inherited)",
				);
				GCC_SYMBOLS_PRIVATE_EXTERN = NO;
				GCC_WARN_64_TO_32_BIT_CONVERSION = YES;
				GCC_WARN_ABOUT_RETURN_TYPE = YES_ERROR;
				GCC_WARN_UNDECLARED_SELECTOR = YES;
				GCC_WARN_UNINITIALIZED_AUTOS = YES_AGGRESSIVE;
				GCC_WARN_UNUSED_FUNCTION = YES;
				GCC_WARN_UNUSED_VARIABLE = YES;
				IPHONEOS_DEPLOYMENT_TARGET = 8.3;
				MTL_ENABLE_DEBUG_INFO = YES;
				ONLY_ACTIVE_ARCH = YES;
				SDKROOT = iphoneos;
			};
			name = Debug;
		};
		246DC77C1B8C934500732C98 /* Release */ = {
			isa = XCBuildConfiguration;
			buildSettings = {
				ALWAYS_SEARCH_USER_PATHS = NO;
				CLANG_CXX_LANGUAGE_STANDARD = "gnu++0x";
				CLANG_CXX_LIBRARY = "libc++";
				CLANG_ENABLE_MODULES = YES;
				CLANG_ENABLE_OBJC_ARC = YES;
				CLANG_WARN_BOOL_CONVERSION = YES;
				CLANG_WARN_CONSTANT_CONVERSION = YES;
				CLANG_WARN_DIRECT_OBJC_ISA_USAGE = YES_ERROR;
				CLANG_WARN_EMPTY_BODY = YES;
				CLANG_WARN_ENUM_CONVERSION = YES;
				CLANG_WARN_INT_CONVERSION = YES;
				CLANG_WARN_OBJC_ROOT_CLASS = YES_ERROR;
				CLANG_WARN_UNREACHABLE_CODE = YES;
				CLANG_WARN__DUPLICATE_METHOD_MATCH = YES;
				"CODE_SIGN_IDENTITY[sdk=iphoneos*]" = "iPhone Developer";
				COPY_PHASE_STRIP = NO;
				DEBUG_INFORMATION_FORMAT = "dwarf-with-dsym";
				ENABLE_NS_ASSERTIONS = NO;
				ENABLE_STRICT_OBJC_MSGSEND = YES;
				GCC_C_LANGUAGE_STANDARD = gnu99;
				GCC_NO_COMMON_BLOCKS = YES;
				GCC_WARN_64_TO_32_BIT_CONVERSION = YES;
				GCC_WARN_ABOUT_RETURN_TYPE = YES_ERROR;
				GCC_WARN_UNDECLARED_SELECTOR = YES;
				GCC_WARN_UNINITIALIZED_AUTOS = YES_AGGRESSIVE;
				GCC_WARN_UNUSED_FUNCTION = YES;
				GCC_WARN_UNUSED_VARIABLE = YES;
				IPHONEOS_DEPLOYMENT_TARGET = 8.3;
				MTL_ENABLE_DEBUG_INFO = NO;
				SDKROOT = iphoneos;
				VALIDATE_PRODUCT = YES;
			};
			name = Release;
		};
		246DC77E1B8C934500732C98 /* Debug */ = {
			isa = XCBuildConfiguration;
			buildSettings = {
				ASSETCATALOG_COMPILER_APPICON_NAME = AppIcon;
				INFOPLIST_FILE = "Lesoon35 UITableViewSearch/Info.plist";
				LD_RUNPATH_SEARCH_PATHS = "$(inherited) @executable_path/Frameworks";
				PRODUCT_NAME = "$(TARGET_NAME)";
			};
			name = Debug;
		};
		246DC77F1B8C934500732C98 /* Release */ = {
			isa = XCBuildConfiguration;
			buildSettings = {
				ASSETCATALOG_COMPILER_APPICON_NAME = AppIcon;
				INFOPLIST_FILE = "Lesoon35 UITableViewSearch/Info.plist";
				LD_RUNPATH_SEARCH_PATHS = "$(inherited) @executable_path/Frameworks";
				PRODUCT_NAME = "$(TARGET_NAME)";
			};
			name = Release;
		};
		246DC7811B8C934500732C98 /* Debug */ = {
			isa = XCBuildConfiguration;
			buildSettings = {
				BUNDLE_LOADER = "$(TEST_HOST)";
				FRAMEWORK_SEARCH_PATHS = (
					"$(SDKROOT)/Developer/Library/Frameworks",
					"$(inherited)",
				);
				GCC_PREPROCESSOR_DEFINITIONS = (
					"DEBUG=1",
					"$(inherited)",
				);
				INFOPLIST_FILE = "Lesoon35 UITableViewSearchTests/Info.plist";
				LD_RUNPATH_SEARCH_PATHS = "$(inherited) @executable_path/Frameworks @loader_path/Frameworks";
				PRODUCT_NAME = "$(TARGET_NAME)";
				TEST_HOST = "$(BUILT_PRODUCTS_DIR)/Lesoon35 UITableViewSearch.app/Lesoon35 UITableViewSearch";
			};
			name = Debug;
		};
		246DC7821B8C934500732C98 /* Release */ = {
			isa = XCBuildConfiguration;
			buildSettings = {
				BUNDLE_LOADER = "$(TEST_HOST)";
				FRAMEWORK_SEARCH_PATHS = (
					"$(SDKROOT)/Developer/Library/Frameworks",
					"$(inherited)",
				);
				INFOPLIST_FILE = "Lesoon35 UITableViewSearchTests/Info.plist";
				LD_RUNPATH_SEARCH_PATHS = "$(inherited) @executable_path/Frameworks @loader_path/Frameworks";
				PRODUCT_NAME = "$(TARGET_NAME)";
				TEST_HOST = "$(BUILT_PRODUCTS_DIR)/Lesoon35 UITableViewSearch.app/Lesoon35 UITableViewSearch";
			};
			name = Release;
		};
/* End XCBuildConfiguration section */

/* Begin XCConfigurationList section */
		246DC7551B8C934500732C98 /* Build configuration list for PBXProject "Lesoon35 UITableViewSearch" */ = {
			isa = XCConfigurationList;
			buildConfigurations = (
				246DC77B1B8C934500732C98 /* Debug */,
				246DC77C1B8C934500732C98 /* Release */,
			);
			defaultConfigurationIsVisible = 0;
			defaultConfigurationName = Release;
		};
		246DC77D1B8C934500732C98 /* Build configuration list for PBXNativeTarget "Lesoon35 UITableViewSearch" */ = {
			isa = XCConfigurationList;
			buildConfigurations = (
				246DC77E1B8C934500732C98 /* Debug */,
				246DC77F1B8C934500732C98 /* Release */,
			);
			defaultConfigurationIsVisible = 0;
		};
		246DC7801B8C934500732C98 /* Build configuration list for PBXNativeTarget "Lesoon35 UITableViewSearchTests" */ = {
			isa = XCConfigurationList;
			buildConfigurations = (
				246DC7811B8C934500732C98 /* Debug */,
				246DC7821B8C934500732C98 /* Release */,
			);
			defaultConfigurationIsVisible = 0;
		};
/* End XCConfigurationList section */
	};
	rootObject = 246DC7521B8C934500732C98 /* Project object */;
}
